// !$*UTF8*$!
{
	archiveVersion = 1;
	classes = {
	};
	objectVersion = 46;
	objects = {

/* Begin PBXBuildFile section */
		66537F9E1BEAF866001A4D4A /* 1.png in Resources */ = {isa = PBXBuildFile; fileRef = 66537F9D1BEAF866001A4D4A /* 1.png */; };
		666E64191BE9F418008FDB7C /* AppDelegate.swift in Sources */ = {isa = PBXBuildFile; fileRef = 666E64181BE9F418008FDB7C /* AppDelegate.swift */; };
		666E641B1BE9F418008FDB7C /* ViewController.swift in Sources */ = {isa = PBXBuildFile; fileRef = 666E641A1BE9F418008FDB7C /* ViewController.swift */; };
		666E641E1BE9F418008FDB7C /* Main.storyboard in Resources */ = {isa = PBXBuildFile; fileRef = 666E641C1BE9F418008FDB7C /* Main.storyboard */; };
		666E64201BE9F418008FDB7C /* Assets.xcassets in Resources */ = {isa = PBXBuildFile; fileRef = 666E641F1BE9F418008FDB7C /* Assets.xcassets */; };
		666E64231BE9F418008FDB7C /* LaunchScreen.storyboard in Resources */ = {isa = PBXBuildFile; fileRef = 666E64211BE9F418008FDB7C /* LaunchScreen.storyboard */; };
		666E642B1BE9F46C008FDB7C /* ZGParallaxView.swift in Sources */ = {isa = PBXBuildFile; fileRef = 666E642A1BE9F46C008FDB7C /* ZGParallaxView.swift */; };
/* End PBXBuildFile section */

/* Begin PBXFileReference section */
		66537F9D1BEAF866001A4D4A /* 1.png */ = {isa = PBXFileReference; lastKnownFileType = image.png; path = 1.png; sourceTree = "<group>"; };
		666E64151BE9F418008FDB7C /* ParallaxView.app */ = {isa = PBXFileReference; explicitFileType = wrapper.application; includeInIndex = 0; path = ParallaxView.app; sourceTree = BUILT_PRODUCTS_DIR; };
		666E64181BE9F418008FDB7C /* AppDelegate.swift */ = {isa = PBXFileReference; lastKnownFileType = sourcecode.swift; path = AppDelegate.swift; sourceTree = "<group>"; };
		666E641A1BE9F418008FDB7C /* ViewController.swift */ = {isa = PBXFileReference; lastKnownFileType = sourcecode.swift; path = ViewController.swift; sourceTree = "<group>"; };
		666E641D1BE9F418008FDB7C /* Base */ = {isa = PBXFileReference; lastKnownFileType = file.storyboard; name = Base; path = Base.lproj/Main.storyboard; sourceTree = "<group>"; };
		666E641F1BE9F418008FDB7C /* Assets.xcassets */ = {isa = PBXFileReference; lastKnownFileType = folder.assetcatalog; path = Assets.xcassets; sourceTree = "<group>"; };
		666E64221BE9F418008FDB7C /* Base */ = {isa = PBXFileReference; lastKnownFileType = file.storyboard; name = Base; path = Base.lproj/LaunchScreen.storyboard; sourceTree = "<group>"; };
		666E64241BE9F418008FDB7C /* Info.plist */ = {isa = PBXFileReference; lastKnownFileType = text.plist.xml; path = Info.plist; sourceTree = "<group>"; };
		666E642A1BE9F46C008FDB7C /* ZGParallaxView.swift */ = {isa = PBXFileReference; fileEncoding = 4; lastKnownFileType = sourcecode.swift; path = ZGParallaxView.swift; sourceTree = "<group>"; };
/* End PBXFileReference section */

/* Begin PBXFrameworksBuildPhase section */
		666E64121BE9F417008FDB7C /* Frameworks */ = {
			isa = PBXFrameworksBuildPhase;
			buildActionMask = 2147483647;
			files = (
			);
			runOnlyForDeploymentPostprocessing = 0;
		};
/* End PBXFrameworksBuildPhase section */

/* Begin PBXGroup section */
		666E640C1BE9F417008FDB7C = {
			isa = PBXGroup;
			children = (
				666E64171BE9F418008FDB7C /* ParallaxView */,
				666E64161BE9F418008FDB7C /* Products */,
			);
			sourceTree = "<group>";
		};
		666E64161BE9F418008FDB7C /* Products */ = {
			isa = PBXGroup;
			children = (
				666E64151BE9F418008FDB7C /* ParallaxView.app */,
			);
			name = Products;
			sourceTree = "<group>";
		};
		666E64171BE9F418008FDB7C /* ParallaxView */ = {
			isa = PBXGroup;
			children = (
				66537F9D1BEAF866001A4D4A /* 1.png */,
				666E64181BE9F418008FDB7C /* AppDelegate.swift */,
				666E641A1BE9F418008FDB7C /* ViewController.swift */,
				666E642A1BE9F46C008FDB7C /* ZGParallaxView.swift */,
				666E641C1BE9F418008FDB7C /* Main.storyboard */,
				666E641F1BE9F418008FDB7C /* Assets.xcassets */,
				666E64211BE9F418008FDB7C /* LaunchScreen.storyboard */,
				666E64241BE9F418008FDB7C /* Info.plist */,
			);
			path = ParallaxView;
			sourceTree = "<group>";
		};
/* End PBXGroup section */

/* Begin PBXNativeTarget section */
		666E64141BE9F417008FDB7C /* ParallaxView */ = {
			isa = PBXNativeTarget;
			buildConfigurationList = 666E64271BE9F418008FDB7C /* Build configuration list for PBXNativeTarget "ParallaxView" */;
			buildPhases = (
				666E64111BE9F417008FDB7C /* Sources */,
				666E64121BE9F417008FDB7C /* Frameworks */,
				666E64131BE9F417008FDB7C /* Resources */,
			);
			buildRules = (
			);
			dependencies = (
			);
			name = ParallaxView;
			productName = ParallaxView;
			productReference = 666E64151BE9F418008FDB7C /* ParallaxView.app */;
			productType = "com.apple.product-type.application";
		};
/* End PBXNativeTarget section */

/* Begin PBXProject section */
		666E640D1BE9F417008FDB7C /* Project object */ = {
			isa = PBXProject;
			attributes = {
				LastSwiftUpdateCheck = 0710;
				LastUpgradeCheck = 0710;
				ORGANIZATIONNAME = TouchDream;
				TargetAttributes = {
					666E64141BE9F417008FDB7C = {
						CreatedOnToolsVersion = 7.1;
					};
				};
			};
			buildConfigurationList = 666E64101BE9F417008FDB7C /* Build configuration list for PBXProject "ParallaxView" */;
			compatibilityVersion = "Xcode 3.2";
			developmentRegion = English;
			hasScannedForEncodings = 0;
			knownRegions = (
				en,
				Base,
			);
			mainGroup = 666E640C1BE9F417008FDB7C;
			productRefGroup = 666E64161BE9F418008FDB7C /* Products */;
			projectDirPath = "";
			projectRoot = "";
			targets = (
				666E64141BE9F417008FDB7C /* ParallaxView */,
			);
		};
/* End PBXProject section */

/* Begin PBXResourcesBuildPhase section */
		666E64131BE9F417008FDB7C /* Resources */ = {
			isa = PBXResourcesBuildPhase;
			buildActionMask = 2147483647;
			files = (
				666E64231BE9F418008FDB7C /* LaunchScreen.storyboard in Resources */,
				66537F9E1BEAF866001A4D4A /* 1.png in Resources */,
				666E64201BE9F418008FDB7C /* Assets.xcassets in Resources */,
				666E641E1BE9F418008FDB7C /* Main.storyboard in Resources */,
			);
			runOnlyForDeploymentPostprocessing = 0;
		};
/* End PBXResourcesBuildPhase section */

/* Begin PBXSourcesBuildPhase section */
		666E64111BE9F417008FDB7C /* Sources */ = {
			isa = PBXSourcesBuildPhase;
			buildActionMask = 2147483647;
			files = (
				666E641B1BE9F418008FDB7C /* ViewController.swift in Sources */,
				666E642B1BE9F46C008FDB7C /* ZGParallaxView.swift in Sources */,
				666E64191BE9F418008FDB7C /* AppDelegate.swift in Sources */,
			);
			runOnlyForDeploymentPostprocessing = 0;
		};
/* End PBXSourcesBuildPhase section */

/* Begin PBXVariantGroup section */
		666E641C1BE9F418008FDB7C /* Main.storyboard */ = {
			isa = PBXVariantGroup;
			children = (
				666E641D1BE9F418008FDB7C /* Base */,
			);
			name = Main.storyboard;
			sourceTree = "<group>";
		};
		666E64211BE9F418008FDB7C /* LaunchScreen.storyboard */ = {
			isa = PBXVariantGroup;
			children = (
				666E64221BE9F418008FDB7C /* Base */,
			);
			name = LaunchScreen.storyboard;
			sourceTree = "<group>";
		};
/* End PBXVariantGroup section */

/* Begin XCBuildConfiguration section */
		666E64251BE9F418008FDB7C /* Debug */ = {
			isa = XCBuildConfiguration;
			buildSettings = {
				ALWAYS_SEARCH_USER_PATHS = NO;
				CLANG_CXX_LANGUAGE_STANDARD = "gnu++0x";
				CLANG_CXX_LIBRARY = "libc++";
				CLANG_ENABLE_MODULES = YES;
				CLANG_ENABLE_OBJC_ARC = YES;
				CLANG_WARN_BOOL_CONVERSION = YES;
				CLANG_WARN_CONSTANT_CONVERSION = YES;
				CLANG_WARN_DIRECT_OBJC_ISA_USAGE = YES_ERROR;
				CLANG_WARN_EMPTY_BODY = YES;
				CLANG_WARN_ENUM_CONVERSION = YES;
				CLANG_WARN_INT_CONVERSION = YES;
				CLANG_WARN_OBJC_ROOT_CLASS = YES_ERROR;
				CLANG_WARN_UNREACHABLE_CODE = YES;
				CLANG_WARN__DUPLICATE_METHOD_MATCH = YES;
				"CODE_SIGN_IDENTITY[sdk=iphoneos*]" = "iPhone Developer";
				COPY_PHASE_STRIP = NO;
				DEBUG_INFORMATION_FORMAT = dwarf;
				ENABLE_STRICT_OBJC_MSGSEND = YES;
				ENABLE_TESTABILITY = YES;
				GCC_C_LANGUAGE_STANDARD = gnu99;
				GCC_DYNAMIC_NO_PIC = NO;
				GCC_NO_COMMON_BLOCKS = YES;
				GCC_OPTIMIZATION_LEVEL = 0;
				GCC_PREPROCESSOR_DEFINITIONS = (
					"DEBUG=1",
					"$(inherited)",
				);
				GCC_WARN_64_TO_32_BIT_CONVERSION = YES;
				GCC_WARN_ABOUT_RETURN_TYPE = YES_ERROR;
				GCC_WARN_UNDECLARED_SELECTOR = YES;
				GCC_WARN_UNINITIALIZED_AUTOS = YES_AGGRESSIVE;
				GCC_WARN_UNUSED_FUNCTION = YES;
				GCC_WARN_UNUSED_VARIABLE = YES;
				IPHONEOS_DEPLOYMENT_TARGET = 9.1;
				MTL_ENABLE_DEBUG_INFO = YES;
				ONLY_ACTIVE_ARCH = YES;
				SDKROOT = iphoneos;
				SWIFT_OPTIMIZATION_LEVEL = "-Onone";
			};
			name = Debug;
		};
		666E64261BE9F418008FDB7C /* Release */ = {
			isa = XCBuildConfiguration;
			buildSettings = {
				ALWAYS_SEARCH_USER_PATHS = NO;
				CLANG_CXX_LANGUAGE_STANDARD = "gnu++0x";
				CLANG_CXX_LIBRARY = "libc++";
				CLANG_ENABLE_MODULES = YES;
				CLANG_ENABLE_OBJC_ARC = YES;
				CLANG_WARN_BOOL_CONVERSION = YES;
				CLANG_WARN_CONSTANT_CONVERSION = YES;
				CLANG_WARN_DIRECT_OBJC_ISA_USAGE = YES_ERROR;
				CLANG_WARN_EMPTY_BODY = YES;
				CLANG_WARN_ENUM_CONVERSION = YES;
				CLANG_WARN_INT_CONVERSION = YES;
				CLANG_WARN_OBJC_ROOT_CLASS = YES_ERROR;
				CLANG_WARN_UNREACHABLE_CODE = YES;
				CLANG_WARN__DUPLICATE_METHOD_MATCH = YES;
				"CODE_SIGN_IDENTITY[sdk=iphoneos*]" = "iPhone Developer";
				COPY_PHASE_STRIP = NO;
				DEBUG_INFORMATION_FORMAT = "dwarf-with-dsym";
				ENABLE_NS_ASSERTIONS = NO;
				ENABLE_STRICT_OBJC_MSGSEND = YES;
				GCC_C_LANGUAGE_STANDARD = gnu99;
				GCC_NO_COMMON_BLOCKS = YES;
				GCC_WARN_64_TO_32_BIT_CONVERSION = YES;
				GCC_WARN_ABOUT_RETURN_TYPE = YES_ERROR;
				GCC_WARN_UNDECLARED_SELECTOR = YES;
				GCC_WARN_UNINITIALIZED_AUTOS = YES_AGGRESSIVE;
				GCC_WARN_UNUSED_FUNCTION = YES;
				GCC_WARN_UNUSED_VARIABLE = YES;
				IPHONEOS_DEPLOYMENT_TARGET = 9.1;
				MTL_ENABLE_DEBUG_INFO = NO;
				SDKROOT = iphoneos;
				VALIDATE_PRODUCT = YES;
			};
			name = Release;
		};
		666E64281BE9F418008FDB7C /* Debug */ = {
			isa = XCBuildConfiguration;
			buildSettings = {
				ASSETCATALOG_COMPILER_APPICON_NAME = AppIcon;
				INFOPLIST_FILE = ParallaxView/Info.plist;
				LD_RUNPATH_SEARCH_PATHS = "$(inherited) @executable_path/Frameworks";
				PRODUCT_BUNDLE_IDENTIFIER = com.touchdream.ParallaxView;
				PRODUCT_NAME = "$(TARGET_NAME)";
			};
			name = Debug;
		};
		666E64291BE9F418008FDB7C /* Release */ = {
			isa = XCBuildConfiguration;
			buildSettings = {
				ASSETCATALOG_COMPILER_APPICON_NAME = AppIcon;
				INFOPLIST_FILE = ParallaxView/Info.plist;
				LD_RUNPATH_SEARCH_PATHS = "$(inherited) @executable_path/Frameworks";
				PRODUCT_BUNDLE_IDENTIFIER = com.touchdream.ParallaxView;
				PRODUCT_NAME = "$(TARGET_NAME)";
			};
			name = Release;
		};
/* End XCBuildConfiguration section */

/* Begin XCConfigurationList section */
		666E64101BE9F417008FDB7C /* Build configuration list for PBXProject "ParallaxView" */ = {
			isa = XCConfigurationList;
			buildConfigurations = (
				666E64251BE9F418008FDB7C /* Debug */,
				666E64261BE9F418008FDB7C /* Release */,
			);
			defaultConfigurationIsVisible = 0;
			defaultConfigurationName = Release;
		};
		666E64271BE9F418008FDB7C /* Build configuration list for PBXNativeTarget "ParallaxView" */ = {
			isa = XCConfigurationList;
			buildConfigurations = (
				666E64281BE9F418008FDB7C /* Debug */,
				666E64291BE9F418008FDB7C /* Release */,
			);
			defaultConfigurationIsVisible = 0;
			defaultConfigurationName = Release;
		};
/* End XCConfigurationList section */
	};
	rootObject = 666E640D1BE9F417008FDB7C /* Project object */;
}
